{
  "version": "5",
  "specifiers": {
    "jsr:@std/assert@*": "1.0.19",
    "jsr:@std/internal@^1.0.12": "1.0.12",
    "jsr:@supabase/functions-js@^0.0.0-automated": "0.0.0-jsr-test.1",
    "jsr:@supabase/supabase-js@2": "2.103.0"
  },
  "jsr": {
    "@std/assert@1.0.19": {
      "integrity": "eaada96ee120cb980bc47e040f82814d786fe8162ecc53c91d8df60b8755991e",
      "dependencies": [
        "jsr:@std/internal"
      ]
    },
    "@std/internal@1.0.12": {
      "integrity": "972a634fd5bc34b242024402972cd5143eac68d8dffaca5eaa4dba30ce17b027"
    },
    "@supabase/functions-js@0.0.0-jsr-test.1": {
      "integrity": "b1b37924af1f0011b4753201e1585a37b030e996c6682492e02575eb27d902b2"
    },
    "@supabase/supabase-js@2.103.0": {
      "integrity": "ad0b49229b4acfbb6fdb0cf32b42c37bd427180d7a413658537f502d3e93f9b8",
      "dependencies": [
        "jsr:@supabase/functions-js"
      ]
    }
  },
  "workspace": {
    "packageJson": {
      "dependencies": [
        "npm:@expo-google-fonts/fraunces@~0.4.1",
        "npm:@expo-google-fonts/plus-jakarta-sans@~0.4.2",
        "npm:@react-native-async-storage/async-storage@2.2.0",
        "npm:@react-native-community/datetimepicker@8.6.0",
        "npm:@react-native-community/netinfo@11.5.2",
        "npm:@react-native-firebase/app@24",
        "npm:@react-native-firebase/crashlytics@24",
        "npm:@react-native-firebase/messaging@24",
        "npm:@react-navigation/bottom-tabs@^7.15.9",
        "npm:@react-navigation/native-stack@^7.14.10",
        "npm:@react-navigation/native@^7.2.2",
        "npm:@supabase/supabase-js@^2.103.0",
        "npm:@testing-library/jest-native@^5.4.3",
        "npm:@testing-library/react-native@^13.3.3",
        "npm:@types/jest@30",
        "npm:@types/react@19.2",
        "npm:@typescript-eslint/eslint-plugin@^8.58.1",
        "npm:@typescript-eslint/parser@^8.58.1",
        "npm:babel-plugin-module-resolver@^5.0.3",
        "npm:babel-preset-expo@^55.0.16",
        "npm:date-fns@^4.1.0",
        "npm:drizzle-kit@~0.31.10",
        "npm:drizzle-orm@~0.45.2",
        "npm:eslint-config-prettier@^10.1.8",
        "npm:eslint-plugin-react-hooks@^7.0.1",
        "npm:eslint@^9.39.4",
        "npm:expo-camera@~55.0.15",
        "npm:expo-crypto@~55.0.14",
        "npm:expo-dev-client@~55.0.24",
        "npm:expo-file-system@~55.0.16",
        "npm:expo-font@~55.0.6",
        "npm:expo-haptics@~55.0.14",
        "npm:expo-image-manipulator@~55.0.15",
        "npm:expo-image-picker@~55.0.18",
        "npm:expo-local-authentication@~55.0.13",
        "npm:expo-notifications@~55.0.18",
        "npm:expo-secure-store@~55.0.13",
        "npm:expo-sqlite@~55.0.15",
        "npm:expo-status-bar@~3.0.9",
        "npm:expo@~55.0.13",
        "npm:husky@^9.1.7",
        "npm:jest-expo@^55.0.15",
        "npm:jest@^30.3.0",
        "npm:lint-staged@^16.4.0",
        "npm:patch-package@^8.0.1",
        "npm:prettier@^3.8.2",
        "npm:react-native-paper@^5.15.0",
        "npm:react-native-safe-area-context@~5.6.2",
        "npm:react-native-screens@4.23",
        "npm:react-native-svg@15.15.3",
        "npm:react-native-vector-icons@^10.3.0",
        "npm:react-native@~0.83.4",
        "npm:react-test-renderer@^19.2.0",
        "npm:react@^19.2.0",
        "npm:typescript@~5.9.2",
        "npm:zustand@^5.0.12"
      ]
    }
  }
}
